// !$*UTF8*$!
{
	archiveVersion = 1;
	classes = {
	};
	objectVersion = 46;
	objects = {

/* Begin PBXBuildFile section */
		B756F1B11C88658100039AB9 /* ReplayScene.swift in Sources */ = {isa = PBXBuildFile; fileRef = B756F1B01C88658100039AB9 /* ReplayScene.swift */; };
		B756F1B31C8865C500039AB9 /* ReplayScene.sks in Resources */ = {isa = PBXBuildFile; fileRef = B756F1B21C8865C500039AB9 /* ReplayScene.sks */; };
		B763ABBC1C66949700BCBEB7 /* AppDelegate.swift in Sources */ = {isa = PBXBuildFile; fileRef = B763ABBB1C66949700BCBEB7 /* AppDelegate.swift */; };
		B763ABBE1C66949700BCBEB7 /* GameScene.sks in Resources */ = {isa = PBXBuildFile; fileRef = B763ABBD1C66949700BCBEB7 /* GameScene.sks */; };
		B763ABC01C66949700BCBEB7 /* GameScene.swift in Sources */ = {isa = PBXBuildFile; fileRef = B763ABBF1C66949700BCBEB7 /* GameScene.swift */; };
		B763ABC21C66949700BCBEB7 /* GameViewController.swift in Sources */ = {isa = PBXBuildFile; fileRef = B763ABC11C66949700BCBEB7 /* GameViewController.swift */; };
		B763ABC51C66949700BCBEB7 /* Main.storyboard in Resources */ = {isa = PBXBuildFile; fileRef = B763ABC31C66949700BCBEB7 /* Main.storyboard */; };
		B763ABC71C66949700BCBEB7 /* Assets.xcassets in Resources */ = {isa = PBXBuildFile; fileRef = B763ABC61C66949700BCBEB7 /* Assets.xcassets */; };
		B763ABCA1C66949700BCBEB7 /* LaunchScreen.storyboard in Resources */ = {isa = PBXBuildFile; fileRef = B763ABC81C66949700BCBEB7 /* LaunchScreen.storyboard */; };
		B763ABD51C66949700BCBEB7 /* DaoShipTests.swift in Sources */ = {isa = PBXBuildFile; fileRef = B763ABD41C66949700BCBEB7 /* DaoShipTests.swift */; };
		B763ABE01C66949700BCBEB7 /* DaoShipUITests.swift in Sources */ = {isa = PBXBuildFile; fileRef = B763ABDF1C66949700BCBEB7 /* DaoShipUITests.swift */; };
		B763ABF61C6CB4C300BCBEB7 /* MainScene.swift in Sources */ = {isa = PBXBuildFile; fileRef = B763ABF51C6CB4C300BCBEB7 /* MainScene.swift */; };
		B763ABF91C6CB6AC00BCBEB7 /* MainScene.sks in Resources */ = {isa = PBXBuildFile; fileRef = B763ABF81C6CB6AC00BCBEB7 /* MainScene.sks */; };
		B7756A031C7A06EB00898C58 /* Spaceship.swift in Sources */ = {isa = PBXBuildFile; fileRef = B7756A021C7A06EB00898C58 /* Spaceship.swift */; };
		B7756A051C7A071F00898C58 /* Greenlaser.swift in Sources */ = {isa = PBXBuildFile; fileRef = B7756A041C7A071F00898C58 /* Greenlaser.swift */; };
/* End PBXBuildFile section */

/* Begin PBXContainerItemProxy section */
		B763ABD11C66949700BCBEB7 /* PBXContainerItemProxy */ = {
			isa = PBXContainerItemProxy;
			containerPortal = B763ABB01C66949600BCBEB7 /* Project object */;
			proxyType = 1;
			remoteGlobalIDString = B763ABB71C66949700BCBEB7;
			remoteInfo = DaoShip;
		};
		B763ABDC1C66949700BCBEB7 /* PBXContainerItemProxy */ = {
			isa = PBXContainerItemProxy;
			containerPortal = B763ABB01C66949600BCBEB7 /* Project object */;
			proxyType = 1;
			remoteGlobalIDString = B763ABB71C66949700BCBEB7;
			remoteInfo = DaoShip;
		};
/* End PBXContainerItemProxy section */

/* Begin PBXFileReference section */
		B756F1B01C88658100039AB9 /* ReplayScene.swift */ = {isa = PBXFileReference; fileEncoding = 4; lastKnownFileType = sourcecode.swift; path = ReplayScene.swift; sourceTree = "<group>"; };
		B756F1B21C8865C500039AB9 /* ReplayScene.sks */ = {isa = PBXFileReference; lastKnownFileType = file.sks; path = ReplayScene.sks; sourceTree = "<group>"; };
		B763ABB81C66949700BCBEB7 /* DaoShip.app */ = {isa = PBXFileReference; explicitFileType = wrapper.application; includeInIndex = 0; path = DaoShip.app; sourceTree = BUILT_PRODUCTS_DIR; };
		B763ABBB1C66949700BCBEB7 /* AppDelegate.swift */ = {isa = PBXFileReference; lastKnownFileType = sourcecode.swift; path = AppDelegate.swift; sourceTree = "<group>"; };
		B763ABBD1C66949700BCBEB7 /* GameScene.sks */ = {isa = PBXFileReference; lastKnownFileType = file.sks; path = GameScene.sks; sourceTree = "<group>"; };
		B763ABBF1C66949700BCBEB7 /* GameScene.swift */ = {isa = PBXFileReference; lastKnownFileType = sourcecode.swift; path = GameScene.swift; sourceTree = "<group>"; };
		B763ABC11C66949700BCBEB7 /* GameViewController.swift */ = {isa = PBXFileReference; lastKnownFileType = sourcecode.swift; path = GameViewController.swift; sourceTree = "<group>"; };
		B763ABC41C66949700BCBEB7 /* Base */ = {isa = PBXFileReference; lastKnownFileType = file.storyboard; name = Base; path = Base.lproj/Main.storyboard; sourceTree = "<group>"; };
		B763ABC61C66949700BCBEB7 /* Assets.xcassets */ = {isa = PBXFileReference; lastKnownFileType = folder.assetcatalog; path = Assets.xcassets; sourceTree = "<group>"; };
		B763ABC91C66949700BCBEB7 /* Base */ = {isa = PBXFileReference; lastKnownFileType = file.storyboard; name = Base; path = Base.lproj/LaunchScreen.storyboard; sourceTree = "<group>"; };
		B763ABCB1C66949700BCBEB7 /* Info.plist */ = {isa = PBXFileReference; lastKnownFileType = text.plist.xml; path = Info.plist; sourceTree = "<group>"; };
		B763ABD01C66949700BCBEB7 /* DaoShipTests.xctest */ = {isa = PBXFileReference; explicitFileType = wrapper.cfbundle; includeInIndex = 0; path = DaoShipTests.xctest; sourceTree = BUILT_PRODUCTS_DIR; };
		B763ABD41C66949700BCBEB7 /* DaoShipTests.swift */ = {isa = PBXFileReference; lastKnownFileType = sourcecode.swift; path = DaoShipTests.swift; sourceTree = "<group>"; };
		B763ABD61C66949700BCBEB7 /* Info.plist */ = {isa = PBXFileReference; lastKnownFileType = text.plist.xml; path = Info.plist; sourceTree = "<group>"; };
		B763ABDB1C66949700BCBEB7 /* DaoShipUITests.xctest */ = {isa = PBXFileReference; explicitFileType = wrapper.cfbundle; includeInIndex = 0; path = DaoShipUITests.xctest; sourceTree = BUILT_PRODUCTS_DIR; };
		B763ABDF1C66949700BCBEB7 /* DaoShipUITests.swift */ = {isa = PBXFileReference; lastKnownFileType = sourcecode.swift; path = DaoShipUITests.swift; sourceTree = "<group>"; };
		B763ABE11C66949700BCBEB7 /* Info.plist */ = {isa = PBXFileReference; lastKnownFileType = text.plist.xml; path = Info.plist; sourceTree = "<group>"; };
		B763ABF51C6CB4C300BCBEB7 /* MainScene.swift */ = {isa = PBXFileReference; fileEncoding = 4; lastKnownFileType = sourcecode.swift; path = MainScene.swift; sourceTree = "<group>"; };
		B763ABF81C6CB6AC00BCBEB7 /* MainScene.sks */ = {isa = PBXFileReference; lastKnownFileType = file.sks; path = MainScene.sks; sourceTree = "<group>"; };
		B7756A021C7A06EB00898C58 /* Spaceship.swift */ = {isa = PBXFileReference; fileEncoding = 4; lastKnownFileType = sourcecode.swift; path = Spaceship.swift; sourceTree = "<group>"; };
		B7756A041C7A071F00898C58 /* Greenlaser.swift */ = {isa = PBXFileReference; fileEncoding = 4; lastKnownFileType = sourcecode.swift; path = Greenlaser.swift; sourceTree = "<group>"; };
/* End PBXFileReference section */

/* Begin PBXFrameworksBuildPhase section */
		B763ABB51C66949700BCBEB7 /* Frameworks */ = {
			isa = PBXFrameworksBuildPhase;
			buildActionMask = 2147483647;
			files = (
			);
			runOnlyForDeploymentPostprocessing = 0;
		};
		B763ABCD1C66949700BCBEB7 /* Frameworks */ = {
			isa = PBXFrameworksBuildPhase;
			buildActionMask = 2147483647;
			files = (
			);
			runOnlyForDeploymentPostprocessing = 0;
		};
		B763ABD81C66949700BCBEB7 /* Frameworks */ = {
			isa = PBXFrameworksBuildPhase;
			buildActionMask = 2147483647;
			files = (
			);
			runOnlyForDeploymentPostprocessing = 0;
		};
/* End PBXFrameworksBuildPhase section */

/* Begin PBXGroup section */
		B763ABAF1C66949600BCBEB7 = {
			isa = PBXGroup;
			children = (
				B763ABBA1C66949700BCBEB7 /* DaoShip */,
				B763ABD31C66949700BCBEB7 /* DaoShipTests */,
				B763ABDE1C66949700BCBEB7 /* DaoShipUITests */,
				B763ABB91C66949700BCBEB7 /* Products */,
			);
			sourceTree = "<group>";
		};
		B763ABB91C66949700BCBEB7 /* Products */ = {
			isa = PBXGroup;
			children = (
				B763ABB81C66949700BCBEB7 /* DaoShip.app */,
				B763ABD01C66949700BCBEB7 /* DaoShipTests.xctest */,
				B763ABDB1C66949700BCBEB7 /* DaoShipUITests.xctest */,
			);
			name = Products;
			sourceTree = "<group>";
		};
		B763ABBA1C66949700BCBEB7 /* DaoShip */ = {
			isa = PBXGroup;
			children = (
				B763ABBB1C66949700BCBEB7 /* AppDelegate.swift */,
				B763ABBD1C66949700BCBEB7 /* GameScene.sks */,
				B756F1B21C8865C500039AB9 /* ReplayScene.sks */,
				B763ABBF1C66949700BCBEB7 /* GameScene.swift */,
				B763ABF51C6CB4C300BCBEB7 /* MainScene.swift */,
				B763ABF81C6CB6AC00BCBEB7 /* MainScene.sks */,
				B763ABC11C66949700BCBEB7 /* GameViewController.swift */,
				B756F1B01C88658100039AB9 /* ReplayScene.swift */,
				B763ABC31C66949700BCBEB7 /* Main.storyboard */,
				B763ABC61C66949700BCBEB7 /* Assets.xcassets */,
				B763ABC81C66949700BCBEB7 /* LaunchScreen.storyboard */,
				B763ABCB1C66949700BCBEB7 /* Info.plist */,
				B7756A021C7A06EB00898C58 /* Spaceship.swift */,
				B7756A041C7A071F00898C58 /* Greenlaser.swift */,
			);
			path = DaoShip;
			sourceTree = "<group>";
		};
		B763ABD31C66949700BCBEB7 /* DaoShipTests */ = {
			isa = PBXGroup;
			children = (
				B763ABD41C66949700BCBEB7 /* DaoShipTests.swift */,
				B763ABD61C66949700BCBEB7 /* Info.plist */,
			);
			path = DaoShipTests;
			sourceTree = "<group>";
		};
		B763ABDE1C66949700BCBEB7 /* DaoShipUITests */ = {
			isa = PBXGroup;
			children = (
				B763ABDF1C66949700BCBEB7 /* DaoShipUITests.swift */,
				B763ABE11C66949700BCBEB7 /* Info.plist */,
			);
			path = DaoShipUITests;
			sourceTree = "<group>";
		};
/* End PBXGroup section */

/* Begin PBXNativeTarget section */
		B763ABB71C66949700BCBEB7 /* DaoShip */ = {
			isa = PBXNativeTarget;
			buildConfigurationList = B763ABE41C66949700BCBEB7 /* Build configuration list for PBXNativeTarget "DaoShip" */;
			buildPhases = (
				B763ABB41C66949700BCBEB7 /* Sources */,
				B763ABB51C66949700BCBEB7 /* Frameworks */,
				B763ABB61C66949700BCBEB7 /* Resources */,
			);
			buildRules = (
			);
			dependencies = (
			);
			name = DaoShip;
			productName = DaoShip;
			productReference = B763ABB81C66949700BCBEB7 /* DaoShip.app */;
			productType = "com.apple.product-type.application";
		};
		B763ABCF1C66949700BCBEB7 /* DaoShipTests */ = {
			isa = PBXNativeTarget;
			buildConfigurationList = B763ABE71C66949700BCBEB7 /* Build configuration list for PBXNativeTarget "DaoShipTests" */;
			buildPhases = (
				B763ABCC1C66949700BCBEB7 /* Sources */,
				B763ABCD1C66949700BCBEB7 /* Frameworks */,
				B763ABCE1C66949700BCBEB7 /* Resources */,
			);
			buildRules = (
			);
			dependencies = (
				B763ABD21C66949700BCBEB7 /* PBXTargetDependency */,
			);
			name = DaoShipTests;
			productName = DaoShipTests;
			productReference = B763ABD01C66949700BCBEB7 /* DaoShipTests.xctest */;
			productType = "com.apple.product-type.bundle.unit-test";
		};
		B763ABDA1C66949700BCBEB7 /* DaoShipUITests */ = {
			isa = PBXNativeTarget;
			buildConfigurationList = B763ABEA1C66949700BCBEB7 /* Build configuration list for PBXNativeTarget "DaoShipUITests" */;
			buildPhases = (
				B763ABD71C66949700BCBEB7 /* Sources */,
				B763ABD81C66949700BCBEB7 /* Frameworks */,
				B763ABD91C66949700BCBEB7 /* Resources */,
			);
			buildRules = (
			);
			dependencies = (
				B763ABDD1C66949700BCBEB7 /* PBXTargetDependency */,
			);
			name = DaoShipUITests;
			productName = DaoShipUITests;
			productReference = B763ABDB1C66949700BCBEB7 /* DaoShipUITests.xctest */;
			productType = "com.apple.product-type.bundle.ui-testing";
		};
/* End PBXNativeTarget section */

/* Begin PBXProject section */
		B763ABB01C66949600BCBEB7 /* Project object */ = {
			isa = PBXProject;
			attributes = {
				LastSwiftUpdateCheck = 0720;
				LastUpgradeCheck = 0720;
				ORGANIZATIONNAME = "Daniel Clark";
				TargetAttributes = {
					B763ABB71C66949700BCBEB7 = {
						CreatedOnToolsVersion = 7.2;
						DevelopmentTeam = X7MN9BYKRG;
					};
					B763ABCF1C66949700BCBEB7 = {
						CreatedOnToolsVersion = 7.2;
						TestTargetID = B763ABB71C66949700BCBEB7;
					};
					B763ABDA1C66949700BCBEB7 = {
						CreatedOnToolsVersion = 7.2;
						TestTargetID = B763ABB71C66949700BCBEB7;
					};
				};
			};
			buildConfigurationList = B763ABB31C66949600BCBEB7 /* Build configuration list for PBXProject "DaoShip" */;
			compatibilityVersion = "Xcode 3.2";
			developmentRegion = English;
			hasScannedForEncodings = 0;
			knownRegions = (
				en,
				Base,
			);
			mainGroup = B763ABAF1C66949600BCBEB7;
			productRefGroup = B763ABB91C66949700BCBEB7 /* Products */;
			projectDirPath = "";
			projectRoot = "";
			targets = (
				B763ABB71C66949700BCBEB7 /* DaoShip */,
				B763ABCF1C66949700BCBEB7 /* DaoShipTests */,
				B763ABDA1C66949700BCBEB7 /* DaoShipUITests */,
			);
		};
/* End PBXProject section */

/* Begin PBXResourcesBuildPhase section */
		B763ABB61C66949700BCBEB7 /* Resources */ = {
			isa = PBXResourcesBuildPhase;
			buildActionMask = 2147483647;
			files = (
				B763ABBE1C66949700BCBEB7 /* GameScene.sks in Resources */,
				B763ABCA1C66949700BCBEB7 /* LaunchScreen.storyboard in Resources */,
				B763ABF91C6CB6AC00BCBEB7 /* MainScene.sks in Resources */,
				B763ABC71C66949700BCBEB7 /* Assets.xcassets in Resources */,
				B763ABC51C66949700BCBEB7 /* Main.storyboard in Resources */,
				B756F1B31C8865C500039AB9 /* ReplayScene.sks in Resources */,
			);
			runOnlyForDeploymentPostprocessing = 0;
		};
		B763ABCE1C66949700BCBEB7 /* Resources */ = {
			isa = PBXResourcesBuildPhase;
			buildActionMask = 2147483647;
			files = (
			);
			runOnlyForDeploymentPostprocessing = 0;
		};
		B763ABD91C66949700BCBEB7 /* Resources */ = {
			isa = PBXResourcesBuildPhase;
			buildActionMask = 2147483647;
			files = (
			);
			runOnlyForDeploymentPostprocessing = 0;
		};
/* End PBXResourcesBuildPhase section */

/* Begin PBXSourcesBuildPhase section */
		B763ABB41C66949700BCBEB7 /* Sources */ = {
			isa = PBXSourcesBuildPhase;
			buildActionMask = 2147483647;
			files = (
				B763ABC01C66949700BCBEB7 /* GameScene.swift in Sources */,
				B756F1B11C88658100039AB9 /* ReplayScene.swift in Sources */,
				B7756A051C7A071F00898C58 /* Greenlaser.swift in Sources */,
				B763ABF61C6CB4C300BCBEB7 /* MainScene.swift in Sources */,
				B763ABC21C66949700BCBEB7 /* GameViewController.swift in Sources */,
				B763ABBC1C66949700BCBEB7 /* AppDelegate.swift in Sources */,
				B7756A031C7A06EB00898C58 /* Spaceship.swift in Sources */,
			);
			runOnlyForDeploymentPostprocessing = 0;
		};
		B763ABCC1C66949700BCBEB7 /* Sources */ = {
			isa = PBXSourcesBuildPhase;
			buildActionMask = 2147483647;
			files = (
				B763ABD51C66949700BCBEB7 /* DaoShipTests.swift in Sources */,
			);
			runOnlyForDeploymentPostprocessing = 0;
		};
		B763ABD71C66949700BCBEB7 /* Sources */ = {
			isa = PBXSourcesBuildPhase;
			buildActionMask = 2147483647;
			files = (
				B763ABE01C66949700BCBEB7 /* DaoShipUITests.swift in Sources */,
			);
			runOnlyForDeploymentPostprocessing = 0;
		};
/* End PBXSourcesBuildPhase section */

/* Begin PBXTargetDependency section */
		B763ABD21C66949700BCBEB7 /* PBXTargetDependency */ = {
			isa = PBXTargetDependency;
			target = B763ABB71C66949700BCBEB7 /* DaoShip */;
			targetProxy = B763ABD11C66949700BCBEB7 /* PBXContainerItemProxy */;
		};
		B763ABDD1C66949700BCBEB7 /* PBXTargetDependency */ = {
			isa = PBXTargetDependency;
			target = B763ABB71C66949700BCBEB7 /* DaoShip */;
			targetProxy = B763ABDC1C66949700BCBEB7 /* PBXContainerItemProxy */;
		};
/* End PBXTargetDependency section */

/* Begin PBXVariantGroup section */
		B763ABC31C66949700BCBEB7 /* Main.storyboard */ = {
			isa = PBXVariantGroup;
			children = (
				B763ABC41C66949700BCBEB7 /* Base */,
			);
			name = Main.storyboard;
			sourceTree = "<group>";
		};
		B763ABC81C66949700BCBEB7 /* LaunchScreen.storyboard */ = {
			isa = PBXVariantGroup;
			children = (
				B763ABC91C66949700BCBEB7 /* Base */,
			);
			name = LaunchScreen.storyboard;
			sourceTree = "<group>";
		};
/* End PBXVariantGroup section */

/* Begin XCBuildConfiguration section */
		B763ABE21C66949700BCBEB7 /* Debug */ = {
			isa = XCBuildConfiguration;
			buildSettings = {
				ALWAYS_SEARCH_USER_PATHS = NO;
				CLANG_CXX_LANGUAGE_STANDARD = "gnu++0x";
				CLANG_CXX_LIBRARY = "libc++";
				CLANG_ENABLE_MODULES = YES;
				CLANG_ENABLE_OBJC_ARC = YES;
				CLANG_WARN_BOOL_CONVERSION = YES;
				CLANG_WARN_CONSTANT_CONVERSION = YES;
				CLANG_WARN_DIRECT_OBJC_ISA_USAGE = YES_ERROR;
				CLANG_WARN_EMPTY_BODY = YES;
				CLANG_WARN_ENUM_CONVERSION = YES;
				CLANG_WARN_INT_CONVERSION = YES;
				CLANG_WARN_OBJC_ROOT_CLASS = YES_ERROR;
				CLANG_WARN_UNREACHABLE_CODE = YES;
				CLANG_WARN__DUPLICATE_METHOD_MATCH = YES;
				"CODE_SIGN_IDENTITY[sdk=iphoneos*]" = "iPhone Developer";
				COPY_PHASE_STRIP = NO;
				DEBUG_INFORMATION_FORMAT = "dwarf-with-dsym";
				ENABLE_STRICT_OBJC_MSGSEND = YES;
				ENABLE_TESTABILITY = YES;
				GCC_C_LANGUAGE_STANDARD = gnu99;
				GCC_DYNAMIC_NO_PIC = NO;
				GCC_NO_COMMON_BLOCKS = YES;
				GCC_OPTIMIZATION_LEVEL = 0;
				GCC_PREPROCESSOR_DEFINITIONS = (
					"DEBUG=1",
					"$(inherited)",
				);
				GCC_WARN_64_TO_32_BIT_CONVERSION = YES;
				GCC_WARN_ABOUT_RETURN_TYPE = YES_ERROR;
				GCC_WARN_UNDECLARED_SELECTOR = YES;
				GCC_WARN_UNINITIALIZED_AUTOS = YES_AGGRESSIVE;
				GCC_WARN_UNUSED_FUNCTION = YES;
				GCC_WARN_UNUSED_VARIABLE = YES;
				IPHONEOS_DEPLOYMENT_TARGET = 9.2;
				MTL_ENABLE_DEBUG_INFO = YES;
				ONLY_ACTIVE_ARCH = YES;
				SDKROOT = iphoneos;
				SWIFT_OPTIMIZATION_LEVEL = "-Onone";
				TARGETED_DEVICE_FAMILY = "1,2";
			};
			name = Debug;
		};
		B763ABE31C66949700BCBEB7 /* Release */ = {
			isa = XCBuildConfiguration;
			buildSettings = {
				ALWAYS_SEARCH_USER_PATHS = NO;
				CLANG_CXX_LANGUAGE_STANDARD = "gnu++0x";
				CLANG_CXX_LIBRARY = "libc++";
				CLANG_ENABLE_MODULES = YES;
				CLANG_ENABLE_OBJC_ARC = YES;
				CLANG_WARN_BOOL_CONVERSION = YES;
				CLANG_WARN_CONSTANT_CONVERSION = YES;
				CLANG_WARN_DIRECT_OBJC_ISA_USAGE = YES_ERROR;
				CLANG_WARN_EMPTY_BODY = YES;
				CLANG_WARN_ENUM_CONVERSION = YES;
				CLANG_WARN_INT_CONVERSION = YES;
				CLANG_WARN_OBJC_ROOT_CLASS = YES_ERROR;
				CLANG_WARN_UNREACHABLE_CODE = YES;
				CLANG_WARN__DUPLICATE_METHOD_MATCH = YES;
				"CODE_SIGN_IDENTITY[sdk=iphoneos*]" = "iPhone Developer";
				COPY_PHASE_STRIP = NO;
				DEBUG_INFORMATION_FORMAT = "dwarf-with-dsym";
				ENABLE_NS_ASSERTIONS = NO;
				ENABLE_STRICT_OBJC_MSGSEND = YES;
				GCC_C_LANGUAGE_STANDARD = gnu99;
				GCC_NO_COMMON_BLOCKS = YES;
				GCC_WARN_64_TO_32_BIT_CONVERSION = YES;
				GCC_WARN_ABOUT_RETURN_TYPE = YES_ERROR;
				GCC_WARN_UNDECLARED_SELECTOR = YES;
				GCC_WARN_UNINITIALIZED_AUTOS = YES_AGGRESSIVE;
				GCC_WARN_UNUSED_FUNCTION = YES;
				GCC_WARN_UNUSED_VARIABLE = YES;
				IPHONEOS_DEPLOYMENT_TARGET = 9.2;
				MTL_ENABLE_DEBUG_INFO = NO;
				SDKROOT = iphoneos;
				TARGETED_DEVICE_FAMILY = "1,2";
				VALIDATE_PRODUCT = YES;
			};
			name = Release;
		};
		B763ABE51C66949700BCBEB7 /* Debug */ = {
			isa = XCBuildConfiguration;
			buildSettings = {
				ASSETCATALOG_COMPILER_APPICON_NAME = AppIcon;
				CODE_SIGN_IDENTITY = "iPhone Developer";
				"CODE_SIGN_IDENTITY[sdk=iphoneos*]" = "iPhone Developer";
				INFOPLIST_FILE = DaoShip/Info.plist;
				LD_RUNPATH_SEARCH_PATHS = "$(inherited) @executable_path/Frameworks";
				PRODUCT_BUNDLE_IDENTIFIER = DCGameLabs.DaoShip;
				PRODUCT_NAME = "$(TARGET_NAME)";
				PROVISIONING_PROFILE = "";
			};
			name = Debug;
		};
		B763ABE61C66949700BCBEB7 /* Release */ = {
			isa = XCBuildConfiguration;
			buildSettings = {
				ASSETCATALOG_COMPILER_APPICON_NAME = AppIcon;
				CODE_SIGN_IDENTITY = "iPhone Developer";
				"CODE_SIGN_IDENTITY[sdk=iphoneos*]" = "iPhone Developer";
				INFOPLIST_FILE = DaoShip/Info.plist;
				LD_RUNPATH_SEARCH_PATHS = "$(inherited) @executable_path/Frameworks";
				PRODUCT_BUNDLE_IDENTIFIER = DCGameLabs.DaoShip;
				PRODUCT_NAME = "$(TARGET_NAME)";
				PROVISIONING_PROFILE = "";
			};
			name = Release;
		};
		B763ABE81C66949700BCBEB7 /* Debug */ = {
			isa = XCBuildConfiguration;
			buildSettings = {
				BUNDLE_LOADER = "$(TEST_HOST)";
				DEBUG_INFORMATION_FORMAT = dwarf;
				INFOPLIST_FILE = DaoShipTests/Info.plist;
				LD_RUNPATH_SEARCH_PATHS = "$(inherited) @executable_path/Frameworks @loader_path/Frameworks";
				PRODUCT_BUNDLE_IDENTIFIER = DCGameLabs.DaoShipTests;
				PRODUCT_NAME = "$(TARGET_NAME)";
				TEST_HOST = "$(BUILT_PRODUCTS_DIR)/DaoShip.app/DaoShip";
			};
			name = Debug;
		};
		B763ABE91C66949700BCBEB7 /* Release */ = {
			isa = XCBuildConfiguration;
			buildSettings = {
				BUNDLE_LOADER = "$(TEST_HOST)";
				INFOPLIST_FILE = DaoShipTests/Info.plist;
				LD_RUNPATH_SEARCH_PATHS = "$(inherited) @executable_path/Frameworks @loader_path/Frameworks";
				PRODUCT_BUNDLE_IDENTIFIER = DCGameLabs.DaoShipTests;
				PRODUCT_NAME = "$(TARGET_NAME)";
				TEST_HOST = "$(BUILT_PRODUCTS_DIR)/DaoShip.app/DaoShip";
			};
			name = Release;
		};
		B763ABEB1C66949700BCBEB7 /* Debug */ = {
			isa = XCBuildConfiguration;
			buildSettings = {
				DEBUG_INFORMATION_FORMAT = dwarf;
				INFOPLIST_FILE = DaoShipUITests/Info.plist;
				LD_RUNPATH_SEARCH_PATHS = "$(inherited) @executable_path/Frameworks @loader_path/Frameworks";
				PRODUCT_BUNDLE_IDENTIFIER = DCGameLabs.DaoShipUITests;
				PRODUCT_NAME = "$(TARGET_NAME)";
				TEST_TARGET_NAME = DaoShip;
				USES_XCTRUNNER = YES;
			};
			name = Debug;
		};
		B763ABEC1C66949700BCBEB7 /* Release */ = {
			isa = XCBuildConfiguration;
			buildSettings = {
				INFOPLIST_FILE = DaoShipUITests/Info.plist;
				LD_RUNPATH_SEARCH_PATHS = "$(inherited) @executable_path/Frameworks @loader_path/Frameworks";
				PRODUCT_BUNDLE_IDENTIFIER = DCGameLabs.DaoShipUITests;
				PRODUCT_NAME = "$(TARGET_NAME)";
				TEST_TARGET_NAME = DaoShip;
				USES_XCTRUNNER = YES;
			};
			name = Release;
		};
/* End XCBuildConfiguration section */

/* Begin XCConfigurationList section */
		B763ABB31C66949600BCBEB7 /* Build configuration list for PBXProject "DaoShip" */ = {
			isa = XCConfigurationList;
			buildConfigurations = (
				B763ABE21C66949700BCBEB7 /* Debug */,
				B763ABE31C66949700BCBEB7 /* Release */,
			);
			defaultConfigurationIsVisible = 0;
			defaultConfigurationName = Release;
		};
		B763ABE41C66949700BCBEB7 /* Build configuration list for PBXNativeTarget "DaoShip" */ = {
			isa = XCConfigurationList;
			buildConfigurations = (
				B763ABE51C66949700BCBEB7 /* Debug */,
				B763ABE61C66949700BCBEB7 /* Release */,
			);
			defaultConfigurationIsVisible = 0;
			defaultConfigurationName = Release;
		};
		B763ABE71C66949700BCBEB7 /* Build configuration list for PBXNativeTarget "DaoShipTests" */ = {
			isa = XCConfigurationList;
			buildConfigurations = (
				B763ABE81C66949700BCBEB7 /* Debug */,
				B763ABE91C66949700BCBEB7 /* Release */,
			);
			defaultConfigurationIsVisible = 0;
			defaultConfigurationName = Release;
		};
		B763ABEA1C66949700BCBEB7 /* Build configuration list for PBXNativeTarget "DaoShipUITests" */ = {
			isa = XCConfigurationList;
			buildConfigurations = (
				B763ABEB1C66949700BCBEB7 /* Debug */,
				B763ABEC1C66949700BCBEB7 /* Release */,
			);
			defaultConfigurationIsVisible = 0;
			defaultConfigurationName = Release;
		};
/* End XCConfigurationList section */
	};
	rootObject = B763ABB01C66949600BCBEB7 /* Project object */;
}
